// !$*UTF8*$!
{
	archiveVersion = 1;
	classes = {
	};
	objectVersion = 77;
	objects = {

/* Begin PBXBuildFile section */
		EAB3F9D82F377CF30035BAD7 /* HotKeyManager.swift in Sources */ = {isa = PBXBuildFile; fileRef = EAB3F9D32F377CF30035BAD7 /* HotKeyManager.swift */; };
		EAB3F9DA2F377CF30035BAD7 /* micromuteApp.swift in Sources */ = {isa = PBXBuildFile; fileRef = EAB3F9D52F377CF30035BAD7 /* micromuteApp.swift */; };
		EAB3F9DC2F377FB90035BAD7 /* Assets.xcassets in Resources */ = {isa = PBXBuildFile; fileRef = EAB3F9D12F377CF30035BAD7 /* Assets.xcassets */; };
		EAB3F9DD2F377FCD0035BAD7 /* MicMuteController.swift in Sources */ = {isa = PBXBuildFile; fileRef = EAB3F9D42F377CF30035BAD7 /* MicMuteController.swift */; };
		EAB3FA022F37845B0035BAD7 /* MicMuteAssets.swift in Sources */ = {isa = PBXBuildFile; fileRef = EAB3FA012F3784560035BAD7 /* MicMuteAssets.swift */; };
		EAB3FA062F3784820035BAD7 /* StatusBarController.swift in Sources */ = {isa = PBXBuildFile; fileRef = EAB3FA052F3784820035BAD7 /* StatusBarController.swift */; };
		EAB3FA082F37848F0035BAD7 /* MuteIndicatorWindowController.swift in Sources */ = {isa = PBXBuildFile; fileRef = EAB3FA072F37848E0035BAD7 /* MuteIndicatorWindowController.swift */; };
		EAB3FA0A2F3784A20035BAD7 /* AppDelegate.swift in Sources */ = {isa = PBXBuildFile; fileRef = EAB3FA092F3784A10035BAD7 /* AppDelegate.swift */; };
		EAB3FA0C2F378AE20035BAD7 /* HotKeyPrefs.swift in Sources */ = {isa = PBXBuildFile; fileRef = EAB3FA0B2F378AE20035BAD7 /* HotKeyPrefs.swift */; };
		EAB3FA0E2F378AF20035BAD7 /* ShortcutRecorderWindowController.swift in Sources */ = {isa = PBXBuildFile; fileRef = EAB3FA0D2F378AF20035BAD7 /* ShortcutRecorderWindowController.swift */; };
		EAB3FA102F378DDC0035BAD7 /* Shortcut.swift in Sources */ = {isa = PBXBuildFile; fileRef = EAB3FA0F2F378DDB0035BAD7 /* Shortcut.swift */; };
		EAB3FA122F378DE70035BAD7 /* ShortcutStore.swift in Sources */ = {isa = PBXBuildFile; fileRef = EAB3FA112F378DE70035BAD7 /* ShortcutStore.swift */; };
		EAB3FA142F3790870035BAD7 /* SoundPrefs.swift in Sources */ = {isa = PBXBuildFile; fileRef = EAB3FA132F3790870035BAD7 /* SoundPrefs.swift */; };
		EAB3FA162F3790920035BAD7 /* SoundManager.swift in Sources */ = {isa = PBXBuildFile; fileRef = EAB3FA152F3790910035BAD7 /* SoundManager.swift */; };
		EAB3FA182F37909D0035BAD7 /* SoundVolumeMenuView.swift in Sources */ = {isa = PBXBuildFile; fileRef = EAB3FA172F37909C0035BAD7 /* SoundVolumeMenuView.swift */; };
		EAB3FA1A2F37A6E10035BAD7 /* MicrophonePrefs.swift in Sources */ = {isa = PBXBuildFile; fileRef = EAB3FA192F37A6E00035BAD7 /* MicrophonePrefs.swift */; };
		EAB3FA1C2F37A6EB0035BAD7 /* MicrophoneDeviceManager.swift in Sources */ = {isa = PBXBuildFile; fileRef = EAB3FA1B2F37A6EB0035BAD7 /* MicrophoneDeviceManager.swift */; };
		EAB3FA1E2F37A6FA0035BAD7 /* MicrophoneVolumeMenuView.swift in Sources */ = {isa = PBXBuildFile; fileRef = EAB3FA1D2F37A6FA0035BAD7 /* MicrophoneVolumeMenuView.swift */; };
/* End PBXBuildFile section */

/* Begin PBXFileReference section */
		EAB3F9BD2F377AB10035BAD7 /* micromute.app */ = {isa = PBXFileReference; explicitFileType = wrapper.application; includeInIndex = 0; name = micromute.app; path = /Users/snus/code/micromute/micromute/build/Debug/micromute.app; sourceTree = "<absolute>"; };
		EAB3F9D12F377CF30035BAD7 /* Assets.xcassets */ = {isa = PBXFileReference; lastKnownFileType = folder.assetcatalog; path = Assets.xcassets; sourceTree = "<group>"; };
		EAB3F9D32F377CF30035BAD7 /* HotKeyManager.swift */ = {isa = PBXFileReference; lastKnownFileType = sourcecode.swift; path = HotKeyManager.swift; sourceTree = "<group>"; };
		EAB3F9D42F377CF30035BAD7 /* MicMuteController.swift */ = {isa = PBXFileReference; lastKnownFileType = sourcecode.swift; path = MicMuteController.swift; sourceTree = "<group>"; };
		EAB3F9D52F377CF30035BAD7 /* micromuteApp.swift */ = {isa = PBXFileReference; lastKnownFileType = sourcecode.swift; path = micromuteApp.swift; sourceTree = "<group>"; };
		EAB3FA012F3784560035BAD7 /* MicMuteAssets.swift */ = {isa = PBXFileReference; lastKnownFileType = sourcecode.swift; path = MicMuteAssets.swift; sourceTree = "<group>"; };
		EAB3FA052F3784820035BAD7 /* StatusBarController.swift */ = {isa = PBXFileReference; lastKnownFileType = sourcecode.swift; path = StatusBarController.swift; sourceTree = "<group>"; };
		EAB3FA072F37848E0035BAD7 /* MuteIndicatorWindowController.swift */ = {isa = PBXFileReference; lastKnownFileType = sourcecode.swift; path = MuteIndicatorWindowController.swift; sourceTree = "<group>"; };
		EAB3FA092F3784A10035BAD7 /* AppDelegate.swift */ = {isa = PBXFileReference; lastKnownFileType = sourcecode.swift; path = AppDelegate.swift; sourceTree = "<group>"; };
		EAB3FA0B2F378AE20035BAD7 /* HotKeyPrefs.swift */ = {isa = PBXFileReference; lastKnownFileType = sourcecode.swift; path = HotKeyPrefs.swift; sourceTree = "<group>"; };
		EAB3FA0D2F378AF20035BAD7 /* ShortcutRecorderWindowController.swift */ = {isa = PBXFileReference; lastKnownFileType = sourcecode.swift; path = ShortcutRecorderWindowController.swift; sourceTree = "<group>"; };
		EAB3FA0F2F378DDB0035BAD7 /* Shortcut.swift */ = {isa = PBXFileReference; lastKnownFileType = sourcecode.swift; path = Shortcut.swift; sourceTree = "<group>"; };
		EAB3FA112F378DE70035BAD7 /* ShortcutStore.swift */ = {isa = PBXFileReference; lastKnownFileType = sourcecode.swift; path = ShortcutStore.swift; sourceTree = "<group>"; };
		EAB3FA132F3790870035BAD7 /* SoundPrefs.swift */ = {isa = PBXFileReference; lastKnownFileType = sourcecode.swift; path = SoundPrefs.swift; sourceTree = "<group>"; };
		EAB3FA152F3790910035BAD7 /* SoundManager.swift */ = {isa = PBXFileReference; lastKnownFileType = sourcecode.swift; path = SoundManager.swift; sourceTree = "<group>"; };
		EAB3FA172F37909C0035BAD7 /* SoundVolumeMenuView.swift */ = {isa = PBXFileReference; lastKnownFileType = sourcecode.swift; path = SoundVolumeMenuView.swift; sourceTree = "<group>"; };
		EAB3FA192F37A6E00035BAD7 /* MicrophonePrefs.swift */ = {isa = PBXFileReference; lastKnownFileType = sourcecode.swift; path = MicrophonePrefs.swift; sourceTree = "<group>"; };
		EAB3FA1B2F37A6EB0035BAD7 /* MicrophoneDeviceManager.swift */ = {isa = PBXFileReference; lastKnownFileType = sourcecode.swift; path = MicrophoneDeviceManager.swift; sourceTree = "<group>"; };
		EAB3FA1D2F37A6FA0035BAD7 /* MicrophoneVolumeMenuView.swift */ = {isa = PBXFileReference; lastKnownFileType = sourcecode.swift; path = MicrophoneVolumeMenuView.swift; sourceTree = "<group>"; };
/* End PBXFileReference section */

/* Begin PBXFrameworksBuildPhase section */
		EAB3F9BA2F377AB10035BAD7 /* Frameworks */ = {
			isa = PBXFrameworksBuildPhase;
			buildActionMask = 2147483647;
			files = (
			);
			runOnlyForDeploymentPostprocessing = 0;
		};
/* End PBXFrameworksBuildPhase section */

/* Begin PBXGroup section */
		EAB3F9B42F377AB10035BAD7 = {
			isa = PBXGroup;
			children = (
				EAB3F9D12F377CF30035BAD7 /* Assets.xcassets */,
				EAB3FA192F37A6E00035BAD7 /* MicrophonePrefs.swift */,
				EAB3FA1B2F37A6EB0035BAD7 /* MicrophoneDeviceManager.swift */,
				EAB3FA1D2F37A6FA0035BAD7 /* MicrophoneVolumeMenuView.swift */,
				EAB3F9D32F377CF30035BAD7 /* HotKeyManager.swift */,
				EAB3F9D42F377CF30035BAD7 /* MicMuteController.swift */,
				EAB3FA012F3784560035BAD7 /* MicMuteAssets.swift */,
				EAB3F9D52F377CF30035BAD7 /* micromuteApp.swift */,
				EAB3FA052F3784820035BAD7 /* StatusBarController.swift */,
				EAB3FA072F37848E0035BAD7 /* MuteIndicatorWindowController.swift */,
				EAB3FA0F2F378DDB0035BAD7 /* Shortcut.swift */,
				EAB3FA112F378DE70035BAD7 /* ShortcutStore.swift */,
				EAB3FA132F3790870035BAD7 /* SoundPrefs.swift */,
				EAB3FA152F3790910035BAD7 /* SoundManager.swift */,
				EAB3FA172F37909C0035BAD7 /* SoundVolumeMenuView.swift */,
				EAB3FA0B2F378AE20035BAD7 /* HotKeyPrefs.swift */,
				EAB3FA0D2F378AF20035BAD7 /* ShortcutRecorderWindowController.swift */,
				EAB3FA092F3784A10035BAD7 /* AppDelegate.swift */,
			);
			sourceTree = "<group>";
		};
/* End PBXGroup section */

/* Begin PBXNativeTarget section */
		EAB3F9BC2F377AB10035BAD7 /* micromute */ = {
			isa = PBXNativeTarget;
			buildConfigurationList = EAB3F9C82F377AB20035BAD7 /* Build configuration list for PBXNativeTarget "micromute" */;
			buildPhases = (
				EAB3F9B92F377AB10035BAD7 /* Sources */,
				EAB3F9BA2F377AB10035BAD7 /* Frameworks */,
				EAB3F9BB2F377AB10035BAD7 /* Resources */,
			);
			buildRules = (
			);
			dependencies = (
			);
			name = micromute;
			packageProductDependencies = (
			);
			productName = micromute;
			productReference = EAB3F9BD2F377AB10035BAD7 /* micromute.app */;
			productType = "com.apple.product-type.application";
		};
/* End PBXNativeTarget section */

/* Begin PBXProject section */
		EAB3F9B52F377AB10035BAD7 /* Project object */ = {
			isa = PBXProject;
			attributes = {
				BuildIndependentTargetsInParallel = 1;
				LastSwiftUpdateCheck = 2620;
				LastUpgradeCheck = 2620;
				TargetAttributes = {
					EAB3F9BC2F377AB10035BAD7 = {
						CreatedOnToolsVersion = 26.2;
					};
				};
			};
			buildConfigurationList = EAB3F9B82F377AB10035BAD7 /* Build configuration list for PBXProject "micromute" */;
			developmentRegion = en;
			hasScannedForEncodings = 0;
			knownRegions = (
				en,
				Base,
			);
			mainGroup = EAB3F9B42F377AB10035BAD7;
			minimizedProjectReferenceProxies = 1;
			preferredProjectObjectVersion = 77;
			productRefGroup = EAB3F9B42F377AB10035BAD7;
			projectDirPath = "";
			projectRoot = "";
			targets = (
				EAB3F9BC2F377AB10035BAD7 /* micromute */,
			);
		};
/* End PBXProject section */

/* Begin PBXResourcesBuildPhase section */
		EAB3F9BB2F377AB10035BAD7 /* Resources */ = {
			isa = PBXResourcesBuildPhase;
			buildActionMask = 2147483647;
			files = (
				EAB3F9DC2F377FB90035BAD7 /* Assets.xcassets in Resources */,
			);
			runOnlyForDeploymentPostprocessing = 0;
		};
/* End PBXResourcesBuildPhase section */

/* Begin PBXSourcesBuildPhase section */
		EAB3F9B92F377AB10035BAD7 /* Sources */ = {
			isa = PBXSourcesBuildPhase;
			buildActionMask = 2147483647;
			files = (
				EAB3FA0C2F378AE20035BAD7 /* HotKeyPrefs.swift in Sources */,
				EAB3FA1E2F37A6FA0035BAD7 /* MicrophoneVolumeMenuView.swift in Sources */,
				EAB3FA082F37848F0035BAD7 /* MuteIndicatorWindowController.swift in Sources */,
				EAB3FA1A2F37A6E10035BAD7 /* MicrophonePrefs.swift in Sources */,
				EAB3F9DD2F377FCD0035BAD7 /* MicMuteController.swift in Sources */,
				EAB3FA0E2F378AF20035BAD7 /* ShortcutRecorderWindowController.swift in Sources */,
				EAB3FA162F3790920035BAD7 /* SoundManager.swift in Sources */,
				EAB3FA142F3790870035BAD7 /* SoundPrefs.swift in Sources */,
				EAB3FA1C2F37A6EB0035BAD7 /* MicrophoneDeviceManager.swift in Sources */,
				EAB3FA022F37845B0035BAD7 /* MicMuteAssets.swift in Sources */,
				EAB3F9D82F377CF30035BAD7 /* HotKeyManager.swift in Sources */,
				EAB3FA0A2F3784A20035BAD7 /* AppDelegate.swift in Sources */,
				EAB3FA062F3784820035BAD7 /* StatusBarController.swift in Sources */,
				EAB3FA122F378DE70035BAD7 /* ShortcutStore.swift in Sources */,
				EAB3FA182F37909D0035BAD7 /* SoundVolumeMenuView.swift in Sources */,
				EAB3F9DA2F377CF30035BAD7 /* micromuteApp.swift in Sources */,
				EAB3FA102F378DDC0035BAD7 /* Shortcut.swift in Sources */,
			);
			runOnlyForDeploymentPostprocessing = 0;
		};
/* End PBXSourcesBuildPhase section */

/* Begin XCBuildConfiguration section */
		EAB3F9C62F377AB20035BAD7 /* Debug */ = {
			isa = XCBuildConfiguration;
			buildSettings = {
				ALWAYS_SEARCH_USER_PATHS = NO;
				ASSETCATALOG_COMPILER_GENERATE_SWIFT_ASSET_SYMBOL_EXTENSIONS = YES;
				CLANG_ANALYZER_NONNULL = YES;
				CLANG_ANALYZER_NUMBER_OBJECT_CONVERSION = YES_AGGRESSIVE;
				CLANG_CXX_LANGUAGE_STANDARD = "gnu++20";
				CLANG_ENABLE_MODULES = YES;
				CLANG_ENABLE_OBJC_ARC = YES;
				CLANG_ENABLE_OBJC_WEAK = YES;
				CLANG_WARN_BLOCK_CAPTURE_AUTORELEASING = YES;
				CLANG_WARN_BOOL_CONVERSION = YES;
				CLANG_WARN_COMMA = YES;
				CLANG_WARN_CONSTANT_CONVERSION = YES;
				CLANG_WARN_DEPRECATED_OBJC_IMPLEMENTATIONS = YES;
				CLANG_WARN_DIRECT_OBJC_ISA_USAGE = YES_ERROR;
				CLANG_WARN_DOCUMENTATION_COMMENTS = YES;
				CLANG_WARN_EMPTY_BODY = YES;
				CLANG_WARN_ENUM_CONVERSION = YES;
				CLANG_WARN_INFINITE_RECURSION = YES;
				CLANG_WARN_INT_CONVERSION = YES;
				CLANG_WARN_NON_LITERAL_NULL_CONVERSION = YES;
				CLANG_WARN_OBJC_IMPLICIT_RETAIN_SELF = YES;
				CLANG_WARN_OBJC_LITERAL_CONVERSION = YES;
				CLANG_WARN_OBJC_ROOT_CLASS = YES_ERROR;
				CLANG_WARN_QUOTED_INCLUDE_IN_FRAMEWORK_HEADER = YES;
				CLANG_WARN_RANGE_LOOP_ANALYSIS = YES;
				CLANG_WARN_STRICT_PROTOTYPES = YES;
				CLANG_WARN_SUSPICIOUS_MOVE = YES;
				CLANG_WARN_UNGUARDED_AVAILABILITY = YES_AGGRESSIVE;
				CLANG_WARN_UNREACHABLE_CODE = YES;
				CLANG_WARN__DUPLICATE_METHOD_MATCH = YES;
				COPY_PHASE_STRIP = NO;
				DEBUG_INFORMATION_FORMAT = dwarf;
				ENABLE_STRICT_OBJC_MSGSEND = YES;
				ENABLE_TESTABILITY = YES;
				ENABLE_USER_SCRIPT_SANDBOXING = YES;
				GCC_C_LANGUAGE_STANDARD = gnu17;
				GCC_DYNAMIC_NO_PIC = NO;
				GCC_NO_COMMON_BLOCKS = YES;
				GCC_OPTIMIZATION_LEVEL = 0;
				GCC_PREPROCESSOR_DEFINITIONS = (
					"DEBUG=1",
					"$(inherited)",
				);
				GCC_WARN_64_TO_32_BIT_CONVERSION = YES;
				GCC_WARN_ABOUT_RETURN_TYPE = YES_ERROR;
				GCC_WARN_UNDECLARED_SELECTOR = YES;
				GCC_WARN_UNINITIALIZED_AUTOS = YES_AGGRESSIVE;
				GCC_WARN_UNUSED_FUNCTION = YES;
				GCC_WARN_UNUSED_VARIABLE = YES;
				LOCALIZATION_PREFERS_STRING_CATALOGS = YES;
				MACOSX_DEPLOYMENT_TARGET = 26.2;
				MTL_ENABLE_DEBUG_INFO = INCLUDE_SOURCE;
				MTL_FAST_MATH = YES;
				ONLY_ACTIVE_ARCH = YES;
				SDKROOT = macosx;
				SWIFT_ACTIVE_COMPILATION_CONDITIONS = "DEBUG $(inherited)";
				SWIFT_OPTIMIZATION_LEVEL = "-Onone";
			};
			name = Debug;
		};
		EAB3F9C72F377AB20035BAD7 /* Release */ = {
			isa = XCBuildConfiguration;
			buildSettings = {
				ALWAYS_SEARCH_USER_PATHS = NO;
				ASSETCATALOG_COMPILER_GENERATE_SWIFT_ASSET_SYMBOL_EXTENSIONS = YES;
				CLANG_ANALYZER_NONNULL = YES;
				CLANG_ANALYZER_NUMBER_OBJECT_CONVERSION = YES_AGGRESSIVE;
				CLANG_CXX_LANGUAGE_STANDARD = "gnu++20";
				CLANG_ENABLE_MODULES = YES;
				CLANG_ENABLE_OBJC_ARC = YES;
				CLANG_ENABLE_OBJC_WEAK = YES;
				CLANG_WARN_BLOCK_CAPTURE_AUTORELEASING = YES;
				CLANG_WARN_BOOL_CONVERSION = YES;
				CLANG_WARN_COMMA = YES;
				CLANG_WARN_CONSTANT_CONVERSION = YES;
				CLANG_WARN_DEPRECATED_OBJC_IMPLEMENTATIONS = YES;
				CLANG_WARN_DIRECT_OBJC_ISA_USAGE = YES_ERROR;
				CLANG_WARN_DOCUMENTATION_COMMENTS = YES;
				CLANG_WARN_EMPTY_BODY = YES;
				CLANG_WARN_ENUM_CONVERSION = YES;
				CLANG_WARN_INFINITE_RECURSION = YES;
				CLANG_WARN_INT_CONVERSION = YES;
				CLANG_WARN_NON_LITERAL_NULL_CONVERSION = YES;
				CLANG_WARN_OBJC_IMPLICIT_RETAIN_SELF = YES;
				CLANG_WARN_OBJC_LITERAL_CONVERSION = YES;
				CLANG_WARN_OBJC_ROOT_CLASS = YES_ERROR;
				CLANG_WARN_QUOTED_INCLUDE_IN_FRAMEWORK_HEADER = YES;
				CLANG_WARN_RANGE_LOOP_ANALYSIS = YES;
				CLANG_WARN_STRICT_PROTOTYPES = YES;
				CLANG_WARN_SUSPICIOUS_MOVE = YES;
				CLANG_WARN_UNGUARDED_AVAILABILITY = YES_AGGRESSIVE;
				CLANG_WARN_UNREACHABLE_CODE = YES;
				CLANG_WARN__DUPLICATE_METHOD_MATCH = YES;
				COPY_PHASE_STRIP = NO;
				DEBUG_INFORMATION_FORMAT = "dwarf-with-dsym";
				ENABLE_NS_ASSERTIONS = NO;
				ENABLE_STRICT_OBJC_MSGSEND = YES;
				ENABLE_USER_SCRIPT_SANDBOXING = YES;
				GCC_C_LANGUAGE_STANDARD = gnu17;
				GCC_NO_COMMON_BLOCKS = YES;
				GCC_WARN_64_TO_32_BIT_CONVERSION = YES;
				GCC_WARN_ABOUT_RETURN_TYPE = YES_ERROR;
				GCC_WARN_UNDECLARED_SELECTOR = YES;
				GCC_WARN_UNINITIALIZED_AUTOS = YES_AGGRESSIVE;
				GCC_WARN_UNUSED_FUNCTION = YES;
				GCC_WARN_UNUSED_VARIABLE = YES;
				LOCALIZATION_PREFERS_STRING_CATALOGS = YES;
				MACOSX_DEPLOYMENT_TARGET = 26.2;
				MTL_ENABLE_DEBUG_INFO = NO;
				MTL_FAST_MATH = YES;
				SDKROOT = macosx;
				SWIFT_COMPILATION_MODE = wholemodule;
			};
			name = Release;
		};
		EAB3F9C92F377AB20035BAD7 /* Debug */ = {
			isa = XCBuildConfiguration;
			buildSettings = {
				ASSETCATALOG_COMPILER_APPICON_NAME = AppIcon;
				ASSETCATALOG_COMPILER_GLOBAL_ACCENT_COLOR_NAME = AccentColor;
				CODE_SIGN_STYLE = Automatic;
				COMBINE_HIDPI_IMAGES = YES;
				CURRENT_PROJECT_VERSION = 1;
				ENABLE_APP_SANDBOX = YES;
				ENABLE_PREVIEWS = YES;
				ENABLE_USER_SELECTED_FILES = readonly;
				GENERATE_INFOPLIST_FILE = YES;
				INFOPLIST_KEY_NSHumanReadableCopyright = "";
				LD_RUNPATH_SEARCH_PATHS = (
					"$(inherited)",
					"@executable_path/../Frameworks",
				);
				MARKETING_VERSION = 1.0;
				PRODUCT_BUNDLE_IDENTIFIER = snsxd.micromute;
				PRODUCT_NAME = "$(TARGET_NAME)";
				REGISTER_APP_GROUPS = YES;
				STRING_CATALOG_GENERATE_SYMBOLS = YES;
				SWIFT_APPROACHABLE_CONCURRENCY = YES;
				SWIFT_DEFAULT_ACTOR_ISOLATION = MainActor;
				SWIFT_EMIT_LOC_STRINGS = YES;
				SWIFT_UPCOMING_FEATURE_MEMBER_IMPORT_VISIBILITY = YES;
				SWIFT_VERSION = 5.0;
			};
			name = Debug;
		};
		EAB3F9CA2F377AB20035BAD7 /* Release */ = {
			isa = XCBuildConfiguration;
			buildSettings = {
				ASSETCATALOG_COMPILER_APPICON_NAME = AppIcon;
				ASSETCATALOG_COMPILER_GLOBAL_ACCENT_COLOR_NAME = AccentColor;
				CODE_SIGN_STYLE = Automatic;
				COMBINE_HIDPI_IMAGES = YES;
				CURRENT_PROJECT_VERSION = 1;
				ENABLE_APP_SANDBOX = YES;
				ENABLE_PREVIEWS = YES;
				ENABLE_USER_SELECTED_FILES = readonly;
				GENERATE_INFOPLIST_FILE = YES;
				INFOPLIST_KEY_NSHumanReadableCopyright = "";
				LD_RUNPATH_SEARCH_PATHS = (
					"$(inherited)",
					"@executable_path/../Frameworks",
				);
				MARKETING_VERSION = 1.0;
				PRODUCT_BUNDLE_IDENTIFIER = snsxd.micromute;
				PRODUCT_NAME = "$(TARGET_NAME)";
				REGISTER_APP_GROUPS = YES;
				STRING_CATALOG_GENERATE_SYMBOLS = YES;
				SWIFT_APPROACHABLE_CONCURRENCY = YES;
				SWIFT_DEFAULT_ACTOR_ISOLATION = MainActor;
				SWIFT_EMIT_LOC_STRINGS = YES;
				SWIFT_UPCOMING_FEATURE_MEMBER_IMPORT_VISIBILITY = YES;
				SWIFT_VERSION = 5.0;
			};
			name = Release;
		};
/* End XCBuildConfiguration section */

/* Begin XCConfigurationList section */
		EAB3F9B82F377AB10035BAD7 /* Build configuration list for PBXProject "micromute" */ = {
			isa = XCConfigurationList;
			buildConfigurations = (
				EAB3F9C62F377AB20035BAD7 /* Debug */,
				EAB3F9C72F377AB20035BAD7 /* Release */,
			);
			defaultConfigurationIsVisible = 0;
			defaultConfigurationName = Release;
		};
		EAB3F9C82F377AB20035BAD7 /* Build configuration list for PBXNativeTarget "micromute" */ = {
			isa = XCConfigurationList;
			buildConfigurations = (
				EAB3F9C92F377AB20035BAD7 /* Debug */,
				EAB3F9CA2F377AB20035BAD7 /* Release */,
			);
			defaultConfigurationIsVisible = 0;
			defaultConfigurationName = Release;
		};
/* End XCConfigurationList section */
	};
	rootObject = EAB3F9B52F377AB10035BAD7 /* Project object */;
}
